// !$*UTF8*$!
{
	archiveVersion = 1;
	classes = {
	};
	objectVersion = 46;
	objects = {

/* Begin PBXBuildFile section */
		B2973DF11D5430E700E72D8D /* AppDelegate.swift in Sources */ = {isa = PBXBuildFile; fileRef = B2973DF01D5430E700E72D8D /* AppDelegate.swift */; };
		B2973DF31D5430E700E72D8D /* ViewController.swift in Sources */ = {isa = PBXBuildFile; fileRef = B2973DF21D5430E700E72D8D /* ViewController.swift */; };
		B2973DF61D5430E700E72D8D /* Main.storyboard in Resources */ = {isa = PBXBuildFile; fileRef = B2973DF41D5430E700E72D8D /* Main.storyboard */; };
		B2973DF81D5430E700E72D8D /* Assets.xcassets in Resources */ = {isa = PBXBuildFile; fileRef = B2973DF71D5430E700E72D8D /* Assets.xcassets */; };
		B2973DFB1D5430E700E72D8D /* LaunchScreen.storyboard in Resources */ = {isa = PBXBuildFile; fileRef = B2973DF91D5430E700E72D8D /* LaunchScreen.storyboard */; };
		B2973E061D5430E700E72D8D /* Tap_MeTests.swift in Sources */ = {isa = PBXBuildFile; fileRef = B2973E051D5430E700E72D8D /* Tap_MeTests.swift */; };
		B2973E111D5430E700E72D8D /* Tap_MeUITests.swift in Sources */ = {isa = PBXBuildFile; fileRef = B2973E101D5430E700E72D8D /* Tap_MeUITests.swift */; };
		B29DA2A31D6BC9B800E15394 /* TapMe_Resources in Resources */ = {isa = PBXBuildFile; fileRef = B29DA2A21D6BC9B800E15394 /* TapMe_Resources */; };
/* End PBXBuildFile section */

/* Begin PBXContainerItemProxy section */
		B2973E021D5430E700E72D8D /* PBXContainerItemProxy */ = {
			isa = PBXContainerItemProxy;
			containerPortal = B2973DE51D5430E700E72D8D /* Project object */;
			proxyType = 1;
			remoteGlobalIDString = B2973DEC1D5430E700E72D8D;
			remoteInfo = "Tap Me";
		};
		B2973E0D1D5430E700E72D8D /* PBXContainerItemProxy */ = {
			isa = PBXContainerItemProxy;
			containerPortal = B2973DE51D5430E700E72D8D /* Project object */;
			proxyType = 1;
			remoteGlobalIDString = B2973DEC1D5430E700E72D8D;
			remoteInfo = "Tap Me";
		};
/* End PBXContainerItemProxy section */

/* Begin PBXFileReference section */
		B2973DED1D5430E700E72D8D /* Tap Me.app */ = {isa = PBXFileReference; explicitFileType = wrapper.application; includeInIndex = 0; path = "Tap Me.app"; sourceTree = BUILT_PRODUCTS_DIR; };
		B2973DF01D5430E700E72D8D /* AppDelegate.swift */ = {isa = PBXFileReference; lastKnownFileType = sourcecode.swift; path = AppDelegate.swift; sourceTree = "<group>"; };
		B2973DF21D5430E700E72D8D /* ViewController.swift */ = {isa = PBXFileReference; lastKnownFileType = sourcecode.swift; path = ViewController.swift; sourceTree = "<group>"; };
		B2973DF51D5430E700E72D8D /* Base */ = {isa = PBXFileReference; lastKnownFileType = file.storyboard; name = Base; path = Base.lproj/Main.storyboard; sourceTree = "<group>"; };
		B2973DF71D5430E700E72D8D /* Assets.xcassets */ = {isa = PBXFileReference; lastKnownFileType = folder.assetcatalog; path = Assets.xcassets; sourceTree = "<group>"; };
		B2973DFA1D5430E700E72D8D /* Base */ = {isa = PBXFileReference; lastKnownFileType = file.storyboard; name = Base; path = Base.lproj/LaunchScreen.storyboard; sourceTree = "<group>"; };
		B2973DFC1D5430E700E72D8D /* Info.plist */ = {isa = PBXFileReference; lastKnownFileType = text.plist.xml; path = Info.plist; sourceTree = "<group>"; };
		B2973E011D5430E700E72D8D /* Tap MeTests.xctest */ = {isa = PBXFileReference; explicitFileType = wrapper.cfbundle; includeInIndex = 0; path = "Tap MeTests.xctest"; sourceTree = BUILT_PRODUCTS_DIR; };
		B2973E051D5430E700E72D8D /* Tap_MeTests.swift */ = {isa = PBXFileReference; lastKnownFileType = sourcecode.swift; path = Tap_MeTests.swift; sourceTree = "<group>"; };
		B2973E071D5430E700E72D8D /* Info.plist */ = {isa = PBXFileReference; lastKnownFileType = text.plist.xml; path = Info.plist; sourceTree = "<group>"; };
		B2973E0C1D5430E700E72D8D /* Tap MeUITests.xctest */ = {isa = PBXFileReference; explicitFileType = wrapper.cfbundle; includeInIndex = 0; path = "Tap MeUITests.xctest"; sourceTree = BUILT_PRODUCTS_DIR; };
		B2973E101D5430E700E72D8D /* Tap_MeUITests.swift */ = {isa = PBXFileReference; lastKnownFileType = sourcecode.swift; path = Tap_MeUITests.swift; sourceTree = "<group>"; };
		B2973E121D5430E700E72D8D /* Info.plist */ = {isa = PBXFileReference; lastKnownFileType = text.plist.xml; path = Info.plist; sourceTree = "<group>"; };
		B29DA2A21D6BC9B800E15394 /* TapMe_Resources */ = {isa = PBXFileReference; lastKnownFileType = folder; path = TapMe_Resources; sourceTree = "<group>"; };
/* End PBXFileReference section */

/* Begin PBXFrameworksBuildPhase section */
		B2973DEA1D5430E700E72D8D /* Frameworks */ = {
			isa = PBXFrameworksBuildPhase;
			buildActionMask = 2147483647;
			files = (
			);
			runOnlyForDeploymentPostprocessing = 0;
		};
		B2973DFE1D5430E700E72D8D /* Frameworks */ = {
			isa = PBXFrameworksBuildPhase;
			buildActionMask = 2147483647;
			files = (
			);
			runOnlyForDeploymentPostprocessing = 0;
		};
		B2973E091D5430E700E72D8D /* Frameworks */ = {
			isa = PBXFrameworksBuildPhase;
			buildActionMask = 2147483647;
			files = (
			);
			runOnlyForDeploymentPostprocessing = 0;
		};
/* End PBXFrameworksBuildPhase section */

/* Begin PBXGroup section */
		B2973DE41D5430E700E72D8D = {
			isa = PBXGroup;
			children = (
				B2973DEF1D5430E700E72D8D /* Tap Me */,
				B2973E041D5430E700E72D8D /* Tap MeTests */,
				B2973E0F1D5430E700E72D8D /* Tap MeUITests */,
				B2973DEE1D5430E700E72D8D /* Products */,
				B29DA2A21D6BC9B800E15394 /* TapMe_Resources */,
			);
			sourceTree = "<group>";
		};
		B2973DEE1D5430E700E72D8D /* Products */ = {
			isa = PBXGroup;
			children = (
				B2973DED1D5430E700E72D8D /* Tap Me.app */,
				B2973E011D5430E700E72D8D /* Tap MeTests.xctest */,
				B2973E0C1D5430E700E72D8D /* Tap MeUITests.xctest */,
			);
			name = Products;
			sourceTree = "<group>";
		};
		B2973DEF1D5430E700E72D8D /* Tap Me */ = {
			isa = PBXGroup;
			children = (
				B2973DF01D5430E700E72D8D /* AppDelegate.swift */,
				B2973DF21D5430E700E72D8D /* ViewController.swift */,
				B2973DF41D5430E700E72D8D /* Main.storyboard */,
				B2973DF71D5430E700E72D8D /* Assets.xcassets */,
				B2973DF91D5430E700E72D8D /* LaunchScreen.storyboard */,
				B2973DFC1D5430E700E72D8D /* Info.plist */,
			);
			path = "Tap Me";
			sourceTree = "<group>";
		};
		B2973E041D5430E700E72D8D /* Tap MeTests */ = {
			isa = PBXGroup;
			children = (
				B2973E051D5430E700E72D8D /* Tap_MeTests.swift */,
				B2973E071D5430E700E72D8D /* Info.plist */,
			);
			path = "Tap MeTests";
			sourceTree = "<group>";
		};
		B2973E0F1D5430E700E72D8D /* Tap MeUITests */ = {
			isa = PBXGroup;
			children = (
				B2973E101D5430E700E72D8D /* Tap_MeUITests.swift */,
				B2973E121D5430E700E72D8D /* Info.plist */,
			);
			path = "Tap MeUITests";
			sourceTree = "<group>";
		};
/* End PBXGroup section */

/* Begin PBXNativeTarget section */
		B2973DEC1D5430E700E72D8D /* Tap Me */ = {
			isa = PBXNativeTarget;
			buildConfigurationList = B2973E151D5430E700E72D8D /* Build configuration list for PBXNativeTarget "Tap Me" */;
			buildPhases = (
				B2973DE91D5430E700E72D8D /* Sources */,
				B2973DEA1D5430E700E72D8D /* Frameworks */,
				B2973DEB1D5430E700E72D8D /* Resources */,
			);
			buildRules = (
			);
			dependencies = (
			);
			name = "Tap Me";
			productName = "Tap Me";
			productReference = B2973DED1D5430E700E72D8D /* Tap Me.app */;
			productType = "com.apple.product-type.application";
		};
		B2973E001D5430E700E72D8D /* Tap MeTests */ = {
			isa = PBXNativeTarget;
			buildConfigurationList = B2973E181D5430E700E72D8D /* Build configuration list for PBXNativeTarget "Tap MeTests" */;
			buildPhases = (
				B2973DFD1D5430E700E72D8D /* Sources */,
				B2973DFE1D5430E700E72D8D /* Frameworks */,
				B2973DFF1D5430E700E72D8D /* Resources */,
			);
			buildRules = (
			);
			dependencies = (
				B2973E031D5430E700E72D8D /* PBXTargetDependency */,
			);
			name = "Tap MeTests";
			productName = "Tap MeTests";
			productReference = B2973E011D5430E700E72D8D /* Tap MeTests.xctest */;
			productType = "com.apple.product-type.bundle.unit-test";
		};
		B2973E0B1D5430E700E72D8D /* Tap MeUITests */ = {
			isa = PBXNativeTarget;
			buildConfigurationList = B2973E1B1D5430E700E72D8D /* Build configuration list for PBXNativeTarget "Tap MeUITests" */;
			buildPhases = (
				B2973E081D5430E700E72D8D /* Sources */,
				B2973E091D5430E700E72D8D /* Frameworks */,
				B2973E0A1D5430E700E72D8D /* Resources */,
			);
			buildRules = (
			);
			dependencies = (
				B2973E0E1D5430E700E72D8D /* PBXTargetDependency */,
			);
			name = "Tap MeUITests";
			productName = "Tap MeUITests";
			productReference = B2973E0C1D5430E700E72D8D /* Tap MeUITests.xctest */;
			productType = "com.apple.product-type.bundle.ui-testing";
		};
/* End PBXNativeTarget section */

/* Begin PBXProject section */
		B2973DE51D5430E700E72D8D /* Project object */ = {
			isa = PBXProject;
			attributes = {
				LastSwiftUpdateCheck = 0730;
				LastUpgradeCheck = 0730;
				ORGANIZATIONNAME = "Janell Lantana";
				TargetAttributes = {
					B2973DEC1D5430E700E72D8D = {
						CreatedOnToolsVersion = 7.3.1;
					};
					B2973E001D5430E700E72D8D = {
						CreatedOnToolsVersion = 7.3.1;
						TestTargetID = B2973DEC1D5430E700E72D8D;
					};
					B2973E0B1D5430E700E72D8D = {
						CreatedOnToolsVersion = 7.3.1;
						TestTargetID = B2973DEC1D5430E700E72D8D;
					};
				};
			};
			buildConfigurationList = B2973DE81D5430E700E72D8D /* Build configuration list for PBXProject "Tap Me" */;
			compatibilityVersion = "Xcode 3.2";
			developmentRegion = English;
			hasScannedForEncodings = 0;
			knownRegions = (
				en,
				Base,
			);
			mainGroup = B2973DE41D5430E700E72D8D;
			productRefGroup = B2973DEE1D5430E700E72D8D /* Products */;
			projectDirPath = "";
			projectRoot = "";
			targets = (
				B2973DEC1D5430E700E72D8D /* Tap Me */,
				B2973E001D5430E700E72D8D /* Tap MeTests */,
				B2973E0B1D5430E700E72D8D /* Tap MeUITests */,
			);
		};
/* End PBXProject section */

/* Begin PBXResourcesBuildPhase section */
		B2973DEB1D5430E700E72D8D /* Resources */ = {
			isa = PBXResourcesBuildPhase;
			buildActionMask = 2147483647;
			files = (
				B29DA2A31D6BC9B800E15394 /* TapMe_Resources in Resources */,
				B2973DFB1D5430E700E72D8D /* LaunchScreen.storyboard in Resources */,
				B2973DF81D5430E700E72D8D /* Assets.xcassets in Resources */,
				B2973DF61D5430E700E72D8D /* Main.storyboard in Resources */,
			);
			runOnlyForDeploymentPostprocessing = 0;
		};
		B2973DFF1D5430E700E72D8D /* Resources */ = {
			isa = PBXResourcesBuildPhase;
			buildActionMask = 2147483647;
			files = (
			);
			runOnlyForDeploymentPostprocessing = 0;
		};
		B2973E0A1D5430E700E72D8D /* Resources */ = {
			isa = PBXResourcesBuildPhase;
			buildActionMask = 2147483647;
			files = (
			);
			runOnlyForDeploymentPostprocessing = 0;
		};
/* End PBXResourcesBuildPhase section */

/* Begin PBXSourcesBuildPhase section */
		B2973DE91D5430E700E72D8D /* Sources */ = {
			isa = PBXSourcesBuildPhase;
			buildActionMask = 2147483647;
			files = (
				B2973DF31D5430E700E72D8D /* ViewController.swift in Sources */,
				B2973DF11D5430E700E72D8D /* AppDelegate.swift in Sources */,
			);
			runOnlyForDeploymentPostprocessing = 0;
		};
		B2973DFD1D5430E700E72D8D /* Sources */ = {
			isa = PBXSourcesBuildPhase;
			buildActionMask = 2147483647;
			files = (
				B2973E061D5430E700E72D8D /* Tap_MeTests.swift in Sources */,
			);
			runOnlyForDeploymentPostprocessing = 0;
		};
		B2973E081D5430E700E72D8D /* Sources */ = {
			isa = PBXSourcesBuildPhase;
			buildActionMask = 2147483647;
			files = (
				B2973E111D5430E700E72D8D /* Tap_MeUITests.swift in Sources */,
			);
			runOnlyForDeploymentPostprocessing = 0;
		};
/* End PBXSourcesBuildPhase section */

/* Begin PBXTargetDependency section */
		B2973E031D5430E700E72D8D /* PBXTargetDependency */ = {
			isa = PBXTargetDependency;
			target = B2973DEC1D5430E700E72D8D /* Tap Me */;
			targetProxy = B2973E021D5430E700E72D8D /* PBXContainerItemProxy */;
		};
		B2973E0E1D5430E700E72D8D /* PBXTargetDependency */ = {
			isa = PBXTargetDependency;
			target = B2973DEC1D5430E700E72D8D /* Tap Me */;
			targetProxy = B2973E0D1D5430E700E72D8D /* PBXContainerItemProxy */;
		};
/* End PBXTargetDependency section */

/* Begin PBXVariantGroup section */
		B2973DF41D5430E700E72D8D /* Main.storyboard */ = {
			isa = PBXVariantGroup;
			children = (
				B2973DF51D5430E700E72D8D /* Base */,
			);
			name = Main.storyboard;
			sourceTree = "<group>";
		};
		B2973DF91D5430E700E72D8D /* LaunchScreen.storyboard */ = {
			isa = PBXVariantGroup;
			children = (
				B2973DFA1D5430E700E72D8D /* Base */,
			);
			name = LaunchScreen.storyboard;
			sourceTree = "<group>";
		};
/* End PBXVariantGroup section */

/* Begin XCBuildConfiguration section */
		B2973E131D5430E700E72D8D /* Debug */ = {
			isa = XCBuildConfiguration;
			buildSettings = {
				ALWAYS_SEARCH_USER_PATHS = NO;
				CLANG_ANALYZER_NONNULL = YES;
				CLANG_CXX_LANGUAGE_STANDARD = "gnu++0x";
				CLANG_CXX_LIBRARY = "libc++";
				CLANG_ENABLE_MODULES = YES;
				CLANG_ENABLE_OBJC_ARC = YES;
				CLANG_WARN_BOOL_CONVERSION = YES;
				CLANG_WARN_CONSTANT_CONVERSION = YES;
				CLANG_WARN_DIRECT_OBJC_ISA_USAGE = YES_ERROR;
				CLANG_WARN_EMPTY_BODY = YES;
				CLANG_WARN_ENUM_CONVERSION = YES;
				CLANG_WARN_INT_CONVERSION = YES;
				CLANG_WARN_OBJC_ROOT_CLASS = YES_ERROR;
				CLANG_WARN_UNREACHABLE_CODE = YES;
				CLANG_WARN__DUPLICATE_METHOD_MATCH = YES;
				"CODE_SIGN_IDENTITY[sdk=iphoneos*]" = "iPhone Developer";
				COPY_PHASE_STRIP = NO;
				DEBUG_INFORMATION_FORMAT = dwarf;
				ENABLE_STRICT_OBJC_MSGSEND = YES;
				ENABLE_TESTABILITY = YES;
				GCC_C_LANGUAGE_STANDARD = gnu99;
				GCC_DYNAMIC_NO_PIC = NO;
				GCC_NO_COMMON_BLOCKS = YES;
				GCC_OPTIMIZATION_LEVEL = 0;
				GCC_PREPROCESSOR_DEFINITIONS = (
					"DEBUG=1",
					"$(inherited)",
				);
				GCC_WARN_64_TO_32_BIT_CONVERSION = YES;
				GCC_WARN_ABOUT_RETURN_TYPE = YES_ERROR;
				GCC_WARN_UNDECLARED_SELECTOR = YES;
				GCC_WARN_UNINITIALIZED_AUTOS = YES_AGGRESSIVE;
				GCC_WARN_UNUSED_FUNCTION = YES;
				GCC_WARN_UNUSED_VARIABLE = YES;
				IPHONEOS_DEPLOYMENT_TARGET = 9.3;
				MTL_ENABLE_DEBUG_INFO = YES;
				ONLY_ACTIVE_ARCH = YES;
				SDKROOT = iphoneos;
				SWIFT_OPTIMIZATION_LEVEL = "-Onone";
			};
			name = Debug;
		};
		B2973E141D5430E700E72D8D /* Release */ = {
			isa = XCBuildConfiguration;
			buildSettings = {
				ALWAYS_SEARCH_USER_PATHS = NO;
				CLANG_ANALYZER_NONNULL = YES;
				CLANG_CXX_LANGUAGE_STANDARD = "gnu++0x";
				CLANG_CXX_LIBRARY = "libc++";
				CLANG_ENABLE_MODULES = YES;
				CLANG_ENABLE_OBJC_ARC = YES;
				CLANG_WARN_BOOL_CONVERSION = YES;
				CLANG_WARN_CONSTANT_CONVERSION = YES;
				CLANG_WARN_DIRECT_OBJC_ISA_USAGE = YES_ERROR;
				CLANG_WARN_EMPTY_BODY = YES;
				CLANG_WARN_ENUM_CONVERSION = YES;
				CLANG_WARN_INT_CONVERSION = YES;
				CLANG_WARN_OBJC_ROOT_CLASS = YES_ERROR;
				CLANG_WARN_UNREACHABLE_CODE = YES;
				CLANG_WARN__DUPLICATE_METHOD_MATCH = YES;
				"CODE_SIGN_IDENTITY[sdk=iphoneos*]" = "iPhone Developer";
				COPY_PHASE_STRIP = NO;
				DEBUG_INFORMATION_FORMAT = "dwarf-with-dsym";
				ENABLE_NS_ASSERTIONS = NO;
				ENABLE_STRICT_OBJC_MSGSEND = YES;
				GCC_C_LANGUAGE_STANDARD = gnu99;
				GCC_NO_COMMON_BLOCKS = YES;
				GCC_WARN_64_TO_32_BIT_CONVERSION = YES;
				GCC_WARN_ABOUT_RETURN_TYPE = YES_ERROR;
				GCC_WARN_UNDECLARED_SELECTOR = YES;
				GCC_WARN_UNINITIALIZED_AUTOS = YES_AGGRESSIVE;
				GCC_WARN_UNUSED_FUNCTION = YES;
				GCC_WARN_UNUSED_VARIABLE = YES;
				IPHONEOS_DEPLOYMENT_TARGET = 9.3;
				MTL_ENABLE_DEBUG_INFO = NO;
				SDKROOT = iphoneos;
				VALIDATE_PRODUCT = YES;
			};
			name = Release;
		};
		B2973E161D5430E700E72D8D /* Debug */ = {
			isa = XCBuildConfiguration;
			buildSettings = {
				ASSETCATALOG_COMPILER_APPICON_NAME = AppIcon;
				INFOPLIST_FILE = "Tap Me/Info.plist";
				LD_RUNPATH_SEARCH_PATHS = "$(inherited) @executable_path/Frameworks";
				PRODUCT_BUNDLE_IDENTIFIER = "com.janelllantana.Tap-Me";
				PRODUCT_NAME = "$(TARGET_NAME)";
			};
			name = Debug;
		};
		B2973E171D5430E700E72D8D /* Release */ = {
			isa = XCBuildConfiguration;
			buildSettings = {
				ASSETCATALOG_COMPILER_APPICON_NAME = AppIcon;
				INFOPLIST_FILE = "Tap Me/Info.plist";
				LD_RUNPATH_SEARCH_PATHS = "$(inherited) @executable_path/Frameworks";
				PRODUCT_BUNDLE_IDENTIFIER = "com.janelllantana.Tap-Me";
				PRODUCT_NAME = "$(TARGET_NAME)";
			};
			name = Release;
		};
		B2973E191D5430E700E72D8D /* Debug */ = {
			isa = XCBuildConfiguration;
			buildSettings = {
				BUNDLE_LOADER = "$(TEST_HOST)";
				INFOPLIST_FILE = "Tap MeTests/Info.plist";
				LD_RUNPATH_SEARCH_PATHS = "$(inherited) @executable_path/Frameworks @loader_path/Frameworks";
				PRODUCT_BUNDLE_IDENTIFIER = "com.janelllantana.Tap-MeTests";
				PRODUCT_NAME = "$(TARGET_NAME)";
				TEST_HOST = "$(BUILT_PRODUCTS_DIR)/Tap Me.app/Tap Me";
			};
			name = Debug;
		};
		B2973E1A1D5430E700E72D8D /* Release */ = {
			isa = XCBuildConfiguration;
			buildSettings = {
				BUNDLE_LOADER = "$(TEST_HOST)";
				INFOPLIST_FILE = "Tap MeTests/Info.plist";
				LD_RUNPATH_SEARCH_PATHS = "$(inherited) @executable_path/Frameworks @loader_path/Frameworks";
				PRODUCT_BUNDLE_IDENTIFIER = "com.janelllantana.Tap-MeTests";
				PRODUCT_NAME = "$(TARGET_NAME)";
				TEST_HOST = "$(BUILT_PRODUCTS_DIR)/Tap Me.app/Tap Me";
			};
			name = Release;
		};
		B2973E1C1D5430E700E72D8D /* Debug */ = {
			isa = XCBuildConfiguration;
			buildSettings = {
				INFOPLIST_FILE = "Tap MeUITests/Info.plist";
				LD_RUNPATH_SEARCH_PATHS = "$(inherited) @executable_path/Frameworks @loader_path/Frameworks";
				PRODUCT_BUNDLE_IDENTIFIER = "com.janelllantana.Tap-MeUITests";
				PRODUCT_NAME = "$(TARGET_NAME)";
				TEST_TARGET_NAME = "Tap Me";
			};
			name = Debug;
		};
		B2973E1D1D5430E700E72D8D /* Release */ = {
			isa = XCBuildConfiguration;
			buildSettings = {
				INFOPLIST_FILE = "Tap MeUITests/Info.plist";
				LD_RUNPATH_SEARCH_PATHS = "$(inherited) @executable_path/Frameworks @loader_path/Frameworks";
				PRODUCT_BUNDLE_IDENTIFIER = "com.janelllantana.Tap-MeUITests";
				PRODUCT_NAME = "$(TARGET_NAME)";
				TEST_TARGET_NAME = "Tap Me";
			};
			name = Release;
		};
/* End XCBuildConfiguration section */

/* Begin XCConfigurationList section */
		B2973DE81D5430E700E72D8D /* Build configuration list for PBXProject "Tap Me" */ = {
			isa = XCConfigurationList;
			buildConfigurations = (
				B2973E131D5430E700E72D8D /* Debug */,
				B2973E141D5430E700E72D8D /* Release */,
			);
			defaultConfigurationIsVisible = 0;
			defaultConfigurationName = Release;
		};
		B2973E151D5430E700E72D8D /* Build configuration list for PBXNativeTarget "Tap Me" */ = {
			isa = XCConfigurationList;
			buildConfigurations = (
				B2973E161D5430E700E72D8D /* Debug */,
				B2973E171D5430E700E72D8D /* Release */,
			);
			defaultConfigurationIsVisible = 0;
			defaultConfigurationName = Release;
		};
		B2973E181D5430E700E72D8D /* Build configuration list for PBXNativeTarget "Tap MeTests" */ = {
			isa = XCConfigurationList;
			buildConfigurations = (
				B2973E191D5430E700E72D8D /* Debug */,
				B2973E1A1D5430E700E72D8D /* Release */,
			);
			defaultConfigurationIsVisible = 0;
			defaultConfigurationName = Release;
		};
		B2973E1B1D5430E700E72D8D /* Build configuration list for PBXNativeTarget "Tap MeUITests" */ = {
			isa = XCConfigurationList;
			buildConfigurations = (
				B2973E1C1D5430E700E72D8D /* Debug */,
				B2973E1D1D5430E700E72D8D /* Release */,
			);
			defaultConfigurationIsVisible = 0;
			defaultConfigurationName = Release;
		};
/* End XCConfigurationList section */
	};
	rootObject = B2973DE51D5430E700E72D8D /* Project object */;
}
